// !$*UTF8*$!
{
	archiveVersion = 1;
	classes = {
	};
	objectVersion = 56;
	objects = {

/* Begin PBXBuildFile section */
		79108FE52B4D300200026B8D /* AppDelegate.swift in Sources */ = {isa = PBXBuildFile; fileRef = 79108FE42B4D300200026B8D /* AppDelegate.swift */; };
		79108FE72B4D300200026B8D /* SceneDelegate.swift in Sources */ = {isa = PBXBuildFile; fileRef = 79108FE62B4D300200026B8D /* SceneDelegate.swift */; };
		79108FE92B4D300200026B8D /* ViewController.swift in Sources */ = {isa = PBXBuildFile; fileRef = 79108FE82B4D300200026B8D /* ViewController.swift */; };
		79108FEC2B4D300200026B8D /* Main.storyboard in Resources */ = {isa = PBXBuildFile; fileRef = 79108FEA2B4D300200026B8D /* Main.storyboard */; };
		79108FEE2B4D300300026B8D /* Assets.xcassets in Resources */ = {isa = PBXBuildFile; fileRef = 79108FED2B4D300300026B8D /* Assets.xcassets */; };
		79108FF12B4D300300026B8D /* LaunchScreen.storyboard in Resources */ = {isa = PBXBuildFile; fileRef = 79108FEF2B4D300300026B8D /* LaunchScreen.storyboard */; };
		79108FF92B4D30B900026B8D /* TravelCollectionViewController.swift in Sources */ = {isa = PBXBuildFile; fileRef = 79108FF82B4D30B900026B8D /* TravelCollectionViewController.swift */; };
		79108FFB2B4D30FE00026B8D /* TravelCollectionViewCell.swift in Sources */ = {isa = PBXBuildFile; fileRef = 79108FFA2B4D30FE00026B8D /* TravelCollectionViewCell.swift */; };
		79108FFD2B4D326A00026B8D /* CityInfo.swift in Sources */ = {isa = PBXBuildFile; fileRef = 79108FFC2B4D326A00026B8D /* CityInfo.swift */; };
		791090002B4D346C00026B8D /* Kingfisher in Frameworks */ = {isa = PBXBuildFile; productRef = 79108FFF2B4D346C00026B8D /* Kingfisher */; };
		791EC2002B4D3AF700B31565 /* TravelXIBCollectionViewCell.swift in Sources */ = {isa = PBXBuildFile; fileRef = 791EC1FE2B4D3AF700B31565 /* TravelXIBCollectionViewCell.swift */; };
		791EC2012B4D3AF700B31565 /* TravelXIBCollectionViewCell.xib in Resources */ = {isa = PBXBuildFile; fileRef = 791EC1FF2B4D3AF700B31565 /* TravelXIBCollectionViewCell.xib */; };
/* End PBXBuildFile section */

/* Begin PBXFileReference section */
		79108FE12B4D300200026B8D /* CollectionViewApp.app */ = {isa = PBXFileReference; explicitFileType = wrapper.application; includeInIndex = 0; path = CollectionViewApp.app; sourceTree = BUILT_PRODUCTS_DIR; };
		79108FE42B4D300200026B8D /* AppDelegate.swift */ = {isa = PBXFileReference; lastKnownFileType = sourcecode.swift; path = AppDelegate.swift; sourceTree = "<group>"; };
		79108FE62B4D300200026B8D /* SceneDelegate.swift */ = {isa = PBXFileReference; lastKnownFileType = sourcecode.swift; path = SceneDelegate.swift; sourceTree = "<group>"; };
		79108FE82B4D300200026B8D /* ViewController.swift */ = {isa = PBXFileReference; lastKnownFileType = sourcecode.swift; path = ViewController.swift; sourceTree = "<group>"; };
		79108FEB2B4D300200026B8D /* Base */ = {isa = PBXFileReference; lastKnownFileType = file.storyboard; name = Base; path = Base.lproj/Main.storyboard; sourceTree = "<group>"; };
		79108FED2B4D300300026B8D /* Assets.xcassets */ = {isa = PBXFileReference; lastKnownFileType = folder.assetcatalog; path = Assets.xcassets; sourceTree = "<group>"; };
		79108FF02B4D300300026B8D /* Base */ = {isa = PBXFileReference; lastKnownFileType = file.storyboard; name = Base; path = Base.lproj/LaunchScreen.storyboard; sourceTree = "<group>"; };
		79108FF22B4D300300026B8D /* Info.plist */ = {isa = PBXFileReference; lastKnownFileType = text.plist.xml; path = Info.plist; sourceTree = "<group>"; };
		79108FF82B4D30B900026B8D /* TravelCollectionViewController.swift */ = {isa = PBXFileReference; lastKnownFileType = sourcecode.swift; path = TravelCollectionViewController.swift; sourceTree = "<group>"; };
		79108FFA2B4D30FE00026B8D /* TravelCollectionViewCell.swift */ = {isa = PBXFileReference; lastKnownFileType = sourcecode.swift; path = TravelCollectionViewCell.swift; sourceTree = "<group>"; };
		79108FFC2B4D326A00026B8D /* CityInfo.swift */ = {isa = PBXFileReference; fileEncoding = 4; lastKnownFileType = sourcecode.swift; path = CityInfo.swift; sourceTree = "<group>"; };
		791EC1FE2B4D3AF700B31565 /* TravelXIBCollectionViewCell.swift */ = {isa = PBXFileReference; lastKnownFileType = sourcecode.swift; path = TravelXIBCollectionViewCell.swift; sourceTree = "<group>"; };
		791EC1FF2B4D3AF700B31565 /* TravelXIBCollectionViewCell.xib */ = {isa = PBXFileReference; lastKnownFileType = file.xib; path = TravelXIBCollectionViewCell.xib; sourceTree = "<group>"; };
/* End PBXFileReference section */

/* Begin PBXFrameworksBuildPhase section */
		79108FDE2B4D300200026B8D /* Frameworks */ = {
			isa = PBXFrameworksBuildPhase;
			buildActionMask = 2147483647;
			files = (
				791090002B4D346C00026B8D /* Kingfisher in Frameworks */,
			);
			runOnlyForDeploymentPostprocessing = 0;
		};
/* End PBXFrameworksBuildPhase section */

/* Begin PBXGroup section */
		79108FD82B4D300200026B8D = {
			isa = PBXGroup;
			children = (
				79108FE32B4D300200026B8D /* CollectionViewApp */,
				79108FE22B4D300200026B8D /* Products */,
			);
			sourceTree = "<group>";
		};
		79108FE22B4D300200026B8D /* Products */ = {
			isa = PBXGroup;
			children = (
				79108FE12B4D300200026B8D /* CollectionViewApp.app */,
			);
			name = Products;
			sourceTree = "<group>";
		};
		79108FE32B4D300200026B8D /* CollectionViewApp */ = {
			isa = PBXGroup;
			children = (
				79108FE42B4D300200026B8D /* AppDelegate.swift */,
				79108FE62B4D300200026B8D /* SceneDelegate.swift */,
				79108FE82B4D300200026B8D /* ViewController.swift */,
				79108FEA2B4D300200026B8D /* Main.storyboard */,
				79108FF82B4D30B900026B8D /* TravelCollectionViewController.swift */,
				79108FFA2B4D30FE00026B8D /* TravelCollectionViewCell.swift */,
				791EC2022B4D3CF800B31565 /* XIB */,
				79108FFC2B4D326A00026B8D /* CityInfo.swift */,
				79108FED2B4D300300026B8D /* Assets.xcassets */,
				79108FEF2B4D300300026B8D /* LaunchScreen.storyboard */,
				79108FF22B4D300300026B8D /* Info.plist */,
			);
			path = CollectionViewApp;
			sourceTree = "<group>";
		};
		791EC2022B4D3CF800B31565 /* XIB */ = {
			isa = PBXGroup;
			children = (
				791EC1FE2B4D3AF700B31565 /* TravelXIBCollectionViewCell.swift */,
				791EC1FF2B4D3AF700B31565 /* TravelXIBCollectionViewCell.xib */,
			);
			path = XIB;
			sourceTree = "<group>";
		};
/* End PBXGroup section */

/* Begin PBXNativeTarget section */
		79108FE02B4D300200026B8D /* CollectionViewApp */ = {
			isa = PBXNativeTarget;
			buildConfigurationList = 79108FF52B4D300300026B8D /* Build configuration list for PBXNativeTarget "CollectionViewApp" */;
			buildPhases = (
				79108FDD2B4D300200026B8D /* Sources */,
				79108FDE2B4D300200026B8D /* Frameworks */,
				79108FDF2B4D300200026B8D /* Resources */,
			);
			buildRules = (
			);
			dependencies = (
			);
			name = CollectionViewApp;
			packageProductDependencies = (
				79108FFF2B4D346C00026B8D /* Kingfisher */,
			);
			productName = CollectionViewApp;
			productReference = 79108FE12B4D300200026B8D /* CollectionViewApp.app */;
			productType = "com.apple.product-type.application";
		};
/* End PBXNativeTarget section */

/* Begin PBXProject section */
		79108FD92B4D300200026B8D /* Project object */ = {
			isa = PBXProject;
			attributes = {
				BuildIndependentTargetsInParallel = 1;
				LastSwiftUpdateCheck = 1510;
				LastUpgradeCheck = 1510;
				TargetAttributes = {
					79108FE02B4D300200026B8D = {
						CreatedOnToolsVersion = 15.1;
					};
				};
			};
			buildConfigurationList = 79108FDC2B4D300200026B8D /* Build configuration list for PBXProject "CollectionViewApp" */;
			compatibilityVersion = "Xcode 14.0";
			developmentRegion = en;
			hasScannedForEncodings = 0;
			knownRegions = (
				en,
				Base,
			);
			mainGroup = 79108FD82B4D300200026B8D;
			packageReferences = (
				79108FFE2B4D346C00026B8D /* XCRemoteSwiftPackageReference "Kingfisher" */,
			);
			productRefGroup = 79108FE22B4D300200026B8D /* Products */;
			projectDirPath = "";
			projectRoot = "";
			targets = (
				79108FE02B4D300200026B8D /* CollectionViewApp */,
			);
		};
/* End PBXProject section */

/* Begin PBXResourcesBuildPhase section */
		79108FDF2B4D300200026B8D /* Resources */ = {
			isa = PBXResourcesBuildPhase;
			buildActionMask = 2147483647;
			files = (
				791EC2012B4D3AF700B31565 /* TravelXIBCollectionViewCell.xib in Resources */,
				79108FF12B4D300300026B8D /* LaunchScreen.storyboard in Resources */,
				79108FEE2B4D300300026B8D /* Assets.xcassets in Resources */,
				79108FEC2B4D300200026B8D /* Main.storyboard in Resources */,
			);
			runOnlyForDeploymentPostprocessing = 0;
		};
/* End PBXResourcesBuildPhase section */

/* Begin PBXSourcesBuildPhase section */
		79108FDD2B4D300200026B8D /* Sources */ = {
			isa = PBXSourcesBuildPhase;
			buildActionMask = 2147483647;
			files = (
				79108FF92B4D30B900026B8D /* TravelCollectionViewController.swift in Sources */,
				79108FE92B4D300200026B8D /* ViewController.swift in Sources */,
				79108FFB2B4D30FE00026B8D /* TravelCollectionViewCell.swift in Sources */,
				791EC2002B4D3AF700B31565 /* TravelXIBCollectionViewCell.swift in Sources */,
				79108FE52B4D300200026B8D /* AppDelegate.swift in Sources */,
				79108FFD2B4D326A00026B8D /* CityInfo.swift in Sources */,
				79108FE72B4D300200026B8D /* SceneDelegate.swift in Sources */,
			);
			runOnlyForDeploymentPostprocessing = 0;
		};
/* End PBXSourcesBuildPhase section */

/* Begin PBXVariantGroup section */
		79108FEA2B4D300200026B8D /* Main.storyboard */ = {
			isa = PBXVariantGroup;
			children = (
				79108FEB2B4D300200026B8D /* Base */,
			);
			name = Main.storyboard;
			sourceTree = "<group>";
		};
		79108FEF2B4D300300026B8D /* LaunchScreen.storyboard */ = {
			isa = PBXVariantGroup;
			children = (
				79108FF02B4D300300026B8D /* Base */,
			);
			name = LaunchScreen.storyboard;
			sourceTree = "<group>";
		};
/* End PBXVariantGroup section */

/* Begin XCBuildConfiguration section */
		79108FF32B4D300300026B8D /* Debug */ = {
			isa = XCBuildConfiguration;
			buildSettings = {
				ALWAYS_SEARCH_USER_PATHS = NO;
				ASSETCATALOG_COMPILER_GENERATE_SWIFT_ASSET_SYMBOL_EXTENSIONS = YES;
				CLANG_ANALYZER_NONNULL = YES;
				CLANG_ANALYZER_NUMBER_OBJECT_CONVERSION = YES_AGGRESSIVE;
				CLANG_CXX_LANGUAGE_STANDARD = "gnu++20";
				CLANG_ENABLE_MODULES = YES;
				CLANG_ENABLE_OBJC_ARC = YES;
				CLANG_ENABLE_OBJC_WEAK = YES;
				CLANG_WARN_BLOCK_CAPTURE_AUTORELEASING = YES;
				CLANG_WARN_BOOL_CONVERSION = YES;
				CLANG_WARN_COMMA = YES;
				CLANG_WARN_CONSTANT_CONVERSION = YES;
				CLANG_WARN_DEPRECATED_OBJC_IMPLEMENTATIONS = YES;
				CLANG_WARN_DIRECT_OBJC_ISA_USAGE = YES_ERROR;
				CLANG_WARN_DOCUMENTATION_COMMENTS = YES;
				CLANG_WARN_EMPTY_BODY = YES;
				CLANG_WARN_ENUM_CONVERSION = YES;
				CLANG_WARN_INFINITE_RECURSION = YES;
				CLANG_WARN_INT_CONVERSION = YES;
				CLANG_WARN_NON_LITERAL_NULL_CONVERSION = YES;
				CLANG_WARN_OBJC_IMPLICIT_RETAIN_SELF = YES;
				CLANG_WARN_OBJC_LITERAL_CONVERSION = YES;
				CLANG_WARN_OBJC_ROOT_CLASS = YES_ERROR;
				CLANG_WARN_QUOTED_INCLUDE_IN_FRAMEWORK_HEADER = YES;
				CLANG_WARN_RANGE_LOOP_ANALYSIS = YES;
				CLANG_WARN_STRICT_PROTOTYPES = YES;
				CLANG_WARN_SUSPICIOUS_MOVE = YES;
				CLANG_WARN_UNGUARDED_AVAILABILITY = YES_AGGRESSIVE;
				CLANG_WARN_UNREACHABLE_CODE = YES;
				CLANG_WARN__DUPLICATE_METHOD_MATCH = YES;
				COPY_PHASE_STRIP = NO;
				DEBUG_INFORMATION_FORMAT = dwarf;
				ENABLE_STRICT_OBJC_MSGSEND = YES;
				ENABLE_TESTABILITY = YES;
				ENABLE_USER_SCRIPT_SANDBOXING = YES;
				GCC_C_LANGUAGE_STANDARD = gnu17;
				GCC_DYNAMIC_NO_PIC = NO;
				GCC_NO_COMMON_BLOCKS = YES;
				GCC_OPTIMIZATION_LEVEL = 0;
				GCC_PREPROCESSOR_DEFINITIONS = (
					"DEBUG=1",
					"$(inherited)",
				);
				GCC_WARN_64_TO_32_BIT_CONVERSION = YES;
				GCC_WARN_ABOUT_RETURN_TYPE = YES_ERROR;
				GCC_WARN_UNDECLARED_SELECTOR = YES;
				GCC_WARN_UNINITIALIZED_AUTOS = YES_AGGRESSIVE;
				GCC_WARN_UNUSED_FUNCTION = YES;
				GCC_WARN_UNUSED_VARIABLE = YES;
				IPHONEOS_DEPLOYMENT_TARGET = 17.2;
				LOCALIZATION_PREFERS_STRING_CATALOGS = YES;
				MTL_ENABLE_DEBUG_INFO = INCLUDE_SOURCE;
				MTL_FAST_MATH = YES;
				ONLY_ACTIVE_ARCH = YES;
				SDKROOT = iphoneos;
				SWIFT_ACTIVE_COMPILATION_CONDITIONS = "DEBUG $(inherited)";
				SWIFT_OPTIMIZATION_LEVEL = "-Onone";
			};
			name = Debug;
		};
		79108FF42B4D300300026B8D /* Release */ = {
			isa = XCBuildConfiguration;
			buildSettings = {
				ALWAYS_SEARCH_USER_PATHS = NO;
				ASSETCATALOG_COMPILER_GENERATE_SWIFT_ASSET_SYMBOL_EXTENSIONS = YES;
				CLANG_ANALYZER_NONNULL = YES;
				CLANG_ANALYZER_NUMBER_OBJECT_CONVERSION = YES_AGGRESSIVE;
				CLANG_CXX_LANGUAGE_STANDARD = "gnu++20";
				CLANG_ENABLE_MODULES = YES;
				CLANG_ENABLE_OBJC_ARC = YES;
				CLANG_ENABLE_OBJC_WEAK = YES;
				CLANG_WARN_BLOCK_CAPTURE_AUTORELEASING = YES;
				CLANG_WARN_BOOL_CONVERSION = YES;
				CLANG_WARN_COMMA = YES;
				CLANG_WARN_CONSTANT_CONVERSION = YES;
				CLANG_WARN_DEPRECATED_OBJC_IMPLEMENTATIONS = YES;
				CLANG_WARN_DIRECT_OBJC_ISA_USAGE = YES_ERROR;
				CLANG_WARN_DOCUMENTATION_COMMENTS = YES;
				CLANG_WARN_EMPTY_BODY = YES;
				CLANG_WARN_ENUM_CONVERSION = YES;
				CLANG_WARN_INFINITE_RECURSION = YES;
				CLANG_WARN_INT_CONVERSION = YES;
				CLANG_WARN_NON_LITERAL_NULL_CONVERSION = YES;
				CLANG_WARN_OBJC_IMPLICIT_RETAIN_SELF = YES;
				CLANG_WARN_OBJC_LITERAL_CONVERSION = YES;
				CLANG_WARN_OBJC_ROOT_CLASS = YES_ERROR;
				CLANG_WARN_QUOTED_INCLUDE_IN_FRAMEWORK_HEADER = YES;
				CLANG_WARN_RANGE_LOOP_ANALYSIS = YES;
				CLANG_WARN_STRICT_PROTOTYPES = YES;
				CLANG_WARN_SUSPICIOUS_MOVE = YES;
				CLANG_WARN_UNGUARDED_AVAILABILITY = YES_AGGRESSIVE;
				CLANG_WARN_UNREACHABLE_CODE = YES;
				CLANG_WARN__DUPLICATE_METHOD_MATCH = YES;
				COPY_PHASE_STRIP = NO;
				DEBUG_INFORMATION_FORMAT = "dwarf-with-dsym";
				ENABLE_NS_ASSERTIONS = NO;
				ENABLE_STRICT_OBJC_MSGSEND = YES;
				ENABLE_USER_SCRIPT_SANDBOXING = YES;
				GCC_C_LANGUAGE_STANDARD = gnu17;
				GCC_NO_COMMON_BLOCKS = YES;
				GCC_WARN_64_TO_32_BIT_CONVERSION = YES;
				GCC_WARN_ABOUT_RETURN_TYPE = YES_ERROR;
				GCC_WARN_UNDECLARED_SELECTOR = YES;
				GCC_WARN_UNINITIALIZED_AUTOS = YES_AGGRESSIVE;
				GCC_WARN_UNUSED_FUNCTION = YES;
				GCC_WARN_UNUSED_VARIABLE = YES;
				IPHONEOS_DEPLOYMENT_TARGET = 17.2;
				LOCALIZATION_PREFERS_STRING_CATALOGS = YES;
				MTL_ENABLE_DEBUG_INFO = NO;
				MTL_FAST_MATH = YES;
				SDKROOT = iphoneos;
				SWIFT_COMPILATION_MODE = wholemodule;
				VALIDATE_PRODUCT = YES;
			};
			name = Release;
		};
		79108FF62B4D300300026B8D /* Debug */ = {
			isa = XCBuildConfiguration;
			buildSettings = {
				ASSETCATALOG_COMPILER_APPICON_NAME = AppIcon;
				ASSETCATALOG_COMPILER_GLOBAL_ACCENT_COLOR_NAME = AccentColor;
				CODE_SIGN_STYLE = Automatic;
				CURRENT_PROJECT_VERSION = 1;
				DEVELOPMENT_TEAM = FQNUU3X32C;
				GENERATE_INFOPLIST_FILE = YES;
				INFOPLIST_FILE = CollectionViewApp/Info.plist;
				INFOPLIST_KEY_UIApplicationSupportsIndirectInputEvents = YES;
				INFOPLIST_KEY_UILaunchStoryboardName = LaunchScreen;
				INFOPLIST_KEY_UIMainStoryboardFile = Main;
				INFOPLIST_KEY_UISupportedInterfaceOrientations_iPad = "UIInterfaceOrientationPortrait UIInterfaceOrientationPortraitUpsideDown UIInterfaceOrientationLandscapeLeft UIInterfaceOrientationLandscapeRight";
				INFOPLIST_KEY_UISupportedInterfaceOrientations_iPhone = "UIInterfaceOrientationPortrait UIInterfaceOrientationLandscapeLeft UIInterfaceOrientationLandscapeRight";
				LD_RUNPATH_SEARCH_PATHS = (
					"$(inherited)",
					"@executable_path/Frameworks",
				);
				MARKETING_VERSION = 1.0;
				PRODUCT_BUNDLE_IDENTIFIER = com.chasomin.CollectionViewApp;
				PRODUCT_NAME = "$(TARGET_NAME)";
				SWIFT_EMIT_LOC_STRINGS = YES;
				SWIFT_VERSION = 5.0;
				TARGETED_DEVICE_FAMILY = "1,2";
			};
			name = Debug;
		};
		79108FF72B4D300300026B8D /* Release */ = {
			isa = XCBuildConfiguration;
			buildSettings = {
				ASSETCATALOG_COMPILER_APPICON_NAME = AppIcon;
				ASSETCATALOG_COMPILER_GLOBAL_ACCENT_COLOR_NAME = AccentColor;
				CODE_SIGN_STYLE = Automatic;
				CURRENT_PROJECT_VERSION = 1;
				DEVELOPMENT_TEAM = FQNUU3X32C;
				GENERATE_INFOPLIST_FILE = YES;
				INFOPLIST_FILE = CollectionViewApp/Info.plist;
				INFOPLIST_KEY_UIApplicationSupportsIndirectInputEvents = YES;
				INFOPLIST_KEY_UILaunchStoryboardName = LaunchScreen;
				INFOPLIST_KEY_UIMainStoryboardFile = Main;
				INFOPLIST_KEY_UISupportedInterfaceOrientations_iPad = "UIInterfaceOrientationPortrait UIInterfaceOrientationPortraitUpsideDown UIInterfaceOrientationLandscapeLeft UIInterfaceOrientationLandscapeRight";
				INFOPLIST_KEY_UISupportedInterfaceOrientations_iPhone = "UIInterfaceOrientationPortrait UIInterfaceOrientationLandscapeLeft UIInterfaceOrientationLandscapeRight";
				LD_RUNPATH_SEARCH_PATHS = (
					"$(inherited)",
					"@executable_path/Frameworks",
				);
				MARKETING_VERSION = 1.0;
				PRODUCT_BUNDLE_IDENTIFIER = com.chasomin.CollectionViewApp;
				PRODUCT_NAME = "$(TARGET_NAME)";
				SWIFT_EMIT_LOC_STRINGS = YES;
				SWIFT_VERSION = 5.0;
				TARGETED_DEVICE_FAMILY = "1,2";
			};
			name = Release;
		};
/* End XCBuildConfiguration section */

/* Begin XCConfigurationList section */
		79108FDC2B4D300200026B8D /* Build configuration list for PBXProject "CollectionViewApp" */ = {
			isa = XCConfigurationList;
			buildConfigurations = (
				79108FF32B4D300300026B8D /* Debug */,
				79108FF42B4D300300026B8D /* Release */,
			);
			defaultConfigurationIsVisible = 0;
			defaultConfigurationName = Release;
		};
		79108FF52B4D300300026B8D /* Build configuration list for PBXNativeTarget "CollectionViewApp" */ = {
			isa = XCConfigurationList;
			buildConfigurations = (
				79108FF62B4D300300026B8D /* Debug */,
				79108FF72B4D300300026B8D /* Release */,
			);
			defaultConfigurationIsVisible = 0;
			defaultConfigurationName = Release;
		};
/* End XCConfigurationList section */

/* Begin XCRemoteSwiftPackageReference section */
		79108FFE2B4D346C00026B8D /* XCRemoteSwiftPackageReference "Kingfisher" */ = {
			isa = XCRemoteSwiftPackageReference;
			repositoryURL = "https://github.com/onevcat/Kingfisher";
			requirement = {
				kind = upToNextMajorVersion;
				minimumVersion = 7.10.1;
			};
		};
/* End XCRemoteSwiftPackageReference section */

/* Begin XCSwiftPackageProductDependency section */
		79108FFF2B4D346C00026B8D /* Kingfisher */ = {
			isa = XCSwiftPackageProductDependency;
			package = 79108FFE2B4D346C00026B8D /* XCRemoteSwiftPackageReference "Kingfisher" */;
			productName = Kingfisher;
		};
/* End XCSwiftPackageProductDependency section */
	};
	rootObject = 79108FD92B4D300200026B8D /* Project object */;
}
